
Microsoft Visual Studio Solution File, Format Version 12.00
# Visual Studio Version 17
VisualStudioVersion = 17.8.34112.27
MinimumVisualStudioVersion = 10.0.40219.1
Project("{2150E333-8FDC-42A3-9474-1A3956D46DE8}") = "Core", "Core", "{8E889056-2A4D-4136-968D-D8617855BA0D}"
EndProject
Project("{2150E333-8FDC-42A3-9474-1A3956D46DE8}") = "Adapters", "Adapters", "{3FFB1265-3F31-4FFB-97CB-D9BEED88E541}"
EndProject
Project("{FAE04EC0-301F-11D3-BF4B-00C04F79EFBC}") = "Domain", "Domain\Domain.csproj", "{30B30E83-129C-4C52-8551-17DE80EC8C0A}"
EndProject
Project("{FAE04EC0-301F-11D3-BF4B-00C04F79EFBC}") = "Application", "Application\Application.csproj", "{86F5C22E-8A01-4708-AB45-E1A91BB5DEC8}"
EndProject
Project("{2150E333-8FDC-42A3-9474-1A3956D46DE8}") = "Primary", "Primary", "{87DB165E-BCAB-4CB8-8870-AC169F4E3976}"
EndProject
Project("{2150E333-8FDC-42A3-9474-1A3956D46DE8}") = "Secondary", "Secondary", "{DAD57690-08DE-4DAA-8A7D-19497F48328B}"
EndProject
Project("{FAE04EC0-301F-11D3-BF4B-00C04F79EFBC}") = "API", "API\API.csproj", "{EC17565E-E340-4F12-8889-DD78553A92D7}"
EndProject
Project("{FAE04EC0-301F-11D3-BF4B-00C04F79EFBC}") = "Infra.Data", "Infra.Data\Infra.Data.csproj", "{D6B8C2ED-D7D2-47A9-8494-186FD6F5E1CB}"
EndProject
Project("{FAE04EC0-301F-11D3-BF4B-00C04F79EFBC}") = "Infra.Email", "Infra.Email\Infra.Email.csproj", "{AE0EB146-9753-4FA6-81B9-63EC34E08324}"
EndProject
Global
	GlobalSection(SolutionConfigurationPlatforms) = preSolution
		Debug|Any CPU = Debug|Any CPU
		Release|Any CPU = Release|Any CPU
	EndGlobalSection
	GlobalSection(ProjectConfigurationPlatforms) = postSolution
		{30B30E83-129C-4C52-8551-17DE80EC8C0A}.Debug|Any CPU.ActiveCfg = Debug|Any CPU
		{30B30E83-129C-4C52-8551-17DE80EC8C0A}.Debug|Any CPU.Build.0 = Debug|Any CPU
		{30B30E83-129C-4C52-8551-17DE80EC8C0A}.Release|Any CPU.ActiveCfg = Release|Any CPU
		{30B30E83-129C-4C52-8551-17DE80EC8C0A}.Release|Any CPU.Build.0 = Release|Any CPU
		{86F5C22E-8A01-4708-AB45-E1A91BB5DEC8}.Debug|Any CPU.ActiveCfg = Debug|Any CPU
		{86F5C22E-8A01-4708-AB45-E1A91BB5DEC8}.Debug|Any CPU.Build.0 = Debug|Any CPU
		{86F5C22E-8A01-4708-AB45-E1A91BB5DEC8}.Release|Any CPU.ActiveCfg = Release|Any CPU
		{86F5C22E-8A01-4708-AB45-E1A91BB5DEC8}.Release|Any CPU.Build.0 = Release|Any CPU
		{EC17565E-E340-4F12-8889-DD78553A92D7}.Debug|Any CPU.ActiveCfg = Debug|Any CPU
		{EC17565E-E340-4F12-8889-DD78553A92D7}.Debug|Any CPU.Build.0 = Debug|Any CPU
		{EC17565E-E340-4F12-8889-DD78553A92D7}.Release|Any CPU.ActiveCfg = Release|Any CPU
		{EC17565E-E340-4F12-8889-DD78553A92D7}.Release|Any CPU.Build.0 = Release|Any CPU
		{D6B8C2ED-D7D2-47A9-8494-186FD6F5E1CB}.Debug|Any CPU.ActiveCfg = Debug|Any CPU
		{D6B8C2ED-D7D2-47A9-8494-186FD6F5E1CB}.Debug|Any CPU.Build.0 = Debug|Any CPU
		{D6B8C2ED-D7D2-47A9-8494-186FD6F5E1CB}.Release|Any CPU.ActiveCfg = Release|Any CPU
		{D6B8C2ED-D7D2-47A9-8494-186FD6F5E1CB}.Release|Any CPU.Build.0 = Release|Any CPU
		{AE0EB146-9753-4FA6-81B9-63EC34E08324}.Debug|Any CPU.ActiveCfg = Debug|Any CPU
		{AE0EB146-9753-4FA6-81B9-63EC34E08324}.Debug|Any CPU.Build.0 = Debug|Any CPU
		{AE0EB146-9753-4FA6-81B9-63EC34E08324}.Release|Any CPU.ActiveCfg = Release|Any CPU
		{AE0EB146-9753-4FA6-81B9-63EC34E08324}.Release|Any CPU.Build.0 = Release|Any CPU
	EndGlobalSection
	GlobalSection(SolutionProperties) = preSolution
		HideSolutionNode = FALSE
	EndGlobalSection
	GlobalSection(NestedProjects) = preSolution
		{30B30E83-129C-4C52-8551-17DE80EC8C0A} = {8E889056-2A4D-4136-968D-D8617855BA0D}
		{86F5C22E-8A01-4708-AB45-E1A91BB5DEC8} = {8E889056-2A4D-4136-968D-D8617855BA0D}
		{87DB165E-BCAB-4CB8-8870-AC169F4E3976} = {3FFB1265-3F31-4FFB-97CB-D9BEED88E541}
		{DAD57690-08DE-4DAA-8A7D-19497F48328B} = {3FFB1265-3F31-4FFB-97CB-D9BEED88E541}
		{EC17565E-E340-4F12-8889-DD78553A92D7} = {87DB165E-BCAB-4CB8-8870-AC169F4E3976}
		{D6B8C2ED-D7D2-47A9-8494-186FD6F5E1CB} = {DAD57690-08DE-4DAA-8A7D-19497F48328B}
		{AE0EB146-9753-4FA6-81B9-63EC34E08324} = {DAD57690-08DE-4DAA-8A7D-19497F48328B}
	EndGlobalSection
	GlobalSection(ExtensibilityGlobals) = postSolution
		SolutionGuid = {0E6BC78C-59F9-4C0B-B330-5C0F06959648}
	EndGlobalSection
EndGlobal
